
Microsoft Visual Studio Solution File, Format Version 12.00
# Visual Studio 15
VisualStudioVersion = 15.0.28307.1022
MinimumVisualStudioVersion = 10.0.40219.1
Project("{FAE04EC0-301F-11D3-BF4B-00C04F79EFBC}") = "HealthCareSite", "HealthCareSite\HealthCareSite.csproj", "{4F40F3CE-EE85-4D57-8D31-FBA36C76B1A5}"
EndProject
Project("{FAE04EC0-301F-11D3-BF4B-00C04F79EFBC}") = "Utilities", "Utilities\Utilities.csproj", "{7470D362-E62E-4902-9638-668C5CA44835}"
EndProject
Global
	GlobalSection(SolutionConfigurationPlatforms) = preSolution
		Debug|Any CPU = Debug|Any CPU
		Release|Any CPU = Release|Any CPU
	EndGlobalSection
	GlobalSection(ProjectConfigurationPlatforms) = postSolution
		{4F40F3CE-EE85-4D57-8D31-FBA36C76B1A5}.Debug|Any CPU.ActiveCfg = Debug|Any CPU
		{4F40F3CE-EE85-4D57-8D31-FBA36C76B1A5}.Debug|Any CPU.Build.0 = Debug|Any CPU
		{4F40F3CE-EE85-4D57-8D31-FBA36C76B1A5}.Release|Any CPU.ActiveCfg = Release|Any CPU
		{4F40F3CE-EE85-4D57-8D31-FBA36C76B1A5}.Release|Any CPU.Build.0 = Release|Any CPU
		{7470D362-E62E-4902-9638-668C5CA44835}.Debug|Any CPU.ActiveCfg = Debug|Any CPU
		{7470D362-E62E-4902-9638-668C5CA44835}.Debug|Any CPU.Build.0 = Debug|Any CPU
		{7470D362-E62E-4902-9638-668C5CA44835}.Release|Any CPU.ActiveCfg = Release|Any CPU
		{7470D362-E62E-4902-9638-668C5CA44835}.Release|Any CPU.Build.0 = Release|Any CPU
	EndGlobalSection
	GlobalSection(SolutionProperties) = preSolution
		HideSolutionNode = FALSE
	EndGlobalSection
	GlobalSection(ExtensibilityGlobals) = postSolution
		SolutionGuid = {D7635D06-54E8-400B-A5FE-9F58736F2E0C}
	EndGlobalSection
EndGlobal
